
Microsoft Visual Studio Solution File, Format Version 12.00
# Visual Studio Version 17
VisualStudioVersion = 17.5.33502.453
MinimumVisualStudioVersion = 10.0.40219.1
Project("{9A19103F-16F7-4668-BE54-9A1E7A4F7556}") = "TranMinhTuan", "DPM205488-LMT\TranMinhTuan.csproj", "{93BE23CC-FF9A-4AB6-9158-5A2A508680A9}"
EndProject
Project("{9A19103F-16F7-4668-BE54-9A1E7A4F7556}") = "Infrastructure", "Infrastructure\Infrastructure.csproj", "{3185BAD5-D597-4C41-867B-782A9AB30654}"
EndProject
Global
	GlobalSection(SolutionConfigurationPlatforms) = preSolution
		Debug|Any CPU = Debug|Any CPU
		Release|Any CPU = Release|Any CPU
	EndGlobalSection
	GlobalSection(ProjectConfigurationPlatforms) = postSolution
		{93BE23CC-FF9A-4AB6-9158-5A2A508680A9}.Debug|Any CPU.ActiveCfg = Debug|Any CPU
		{93BE23CC-FF9A-4AB6-9158-5A2A508680A9}.Debug|Any CPU.Build.0 = Debug|Any CPU
		{93BE23CC-FF9A-4AB6-9158-5A2A508680A9}.Release|Any CPU.ActiveCfg = Release|Any CPU
		{93BE23CC-FF9A-4AB6-9158-5A2A508680A9}.Release|Any CPU.Build.0 = Release|Any CPU
		{3185BAD5-D597-4C41-867B-782A9AB30654}.Debug|Any CPU.ActiveCfg = Debug|Any CPU
		{3185BAD5-D597-4C41-867B-782A9AB30654}.Debug|Any CPU.Build.0 = Debug|Any CPU
		{3185BAD5-D597-4C41-867B-782A9AB30654}.Release|Any CPU.ActiveCfg = Release|Any CPU
		{3185BAD5-D597-4C41-867B-782A9AB30654}.Release|Any CPU.Build.0 = Release|Any CPU
	EndGlobalSection
	GlobalSection(SolutionProperties) = preSolution
		HideSolutionNode = FALSE
	EndGlobalSection
	GlobalSection(ExtensibilityGlobals) = postSolution
		SolutionGuid = {26712F6A-9B85-420A-9919-9BD756FBD91C}
	EndGlobalSection
EndGlobal
